
Microsoft Visual Studio Solution File, Format Version 11.00
# Visual C# Express 2010
Project("{FAE04EC0-301F-11D3-BF4B-00C04F79EFBC}") = "SampleI2CEEPROM", "SampleI2CEEPROM.csproj", "{59E8EE70-526E-49D6-8F53-D58818D13D1E}"
EndProject
Global
	GlobalSection(SolutionConfigurationPlatforms) = preSolution
		Debug|Any CPU = Debug|Any CPU
		Release|Any CPU = Release|Any CPU
	EndGlobalSection
	GlobalSection(ProjectConfigurationPlatforms) = postSolution
		{59E8EE70-526E-49D6-8F53-D58818D13D1E}.Debug|Any CPU.ActiveCfg = Debug|Any CPU
		{59E8EE70-526E-49D6-8F53-D58818D13D1E}.Debug|Any CPU.Build.0 = Debug|Any CPU
		{59E8EE70-526E-49D6-8F53-D58818D13D1E}.Debug|Any CPU.Deploy.0 = Debug|Any CPU
		{59E8EE70-526E-49D6-8F53-D58818D13D1E}.Release|Any CPU.ActiveCfg = Release|Any CPU
		{59E8EE70-526E-49D6-8F53-D58818D13D1E}.Release|Any CPU.Build.0 = Release|Any CPU
		{59E8EE70-526E-49D6-8F53-D58818D13D1E}.Release|Any CPU.Deploy.0 = Release|Any CPU
	EndGlobalSection
	GlobalSection(SolutionProperties) = preSolution
		HideSolutionNode = FALSE
	EndGlobalSection
EndGlobal
