
Microsoft Visual Studio Solution File, Format Version 11.00
# Visual C# Express 2010
Project("{FAE04EC0-301F-11D3-BF4B-00C04F79EFBC}") = "SampleGPIOInterruptPort", "SampleGPIOInterruptPort\SampleGPIOInterruptPort.csproj", "{B2F783C7-22E5-4F8A-A8E2-3EFF59C7CE60}"
EndProject
Global
	GlobalSection(SolutionConfigurationPlatforms) = preSolution
		Debug|Any CPU = Debug|Any CPU
		Release|Any CPU = Release|Any CPU
	EndGlobalSection
	GlobalSection(ProjectConfigurationPlatforms) = postSolution
		{B2F783C7-22E5-4F8A-A8E2-3EFF59C7CE60}.Debug|Any CPU.ActiveCfg = Debug|Any CPU
		{B2F783C7-22E5-4F8A-A8E2-3EFF59C7CE60}.Debug|Any CPU.Build.0 = Debug|Any CPU
		{B2F783C7-22E5-4F8A-A8E2-3EFF59C7CE60}.Debug|Any CPU.Deploy.0 = Debug|Any CPU
		{B2F783C7-22E5-4F8A-A8E2-3EFF59C7CE60}.Release|Any CPU.ActiveCfg = Release|Any CPU
		{B2F783C7-22E5-4F8A-A8E2-3EFF59C7CE60}.Release|Any CPU.Build.0 = Release|Any CPU
		{B2F783C7-22E5-4F8A-A8E2-3EFF59C7CE60}.Release|Any CPU.Deploy.0 = Release|Any CPU
	EndGlobalSection
	GlobalSection(SolutionProperties) = preSolution
		HideSolutionNode = FALSE
	EndGlobalSection
EndGlobal
